
Microsoft Visual Studio Solution File, Format Version 12.00
# Visual Studio Version 16
VisualStudioVersion = 16.0.29319.158
MinimumVisualStudioVersion = 10.0.40219.1
Project("{FAE04EC0-301F-11D3-BF4B-00C04F79EFBC}") = "blackwatch.2019.cli", "src\blackwatch.2019.cli.csproj", "{1FBABF1F-6D8A-4CA3-8C9F-3599157886CF}"
EndProject
Global
	GlobalSection(SolutionConfigurationPlatforms) = preSolution
		Debug|Any CPU = Debug|Any CPU
		Release|Any CPU = Release|Any CPU
	EndGlobalSection
	GlobalSection(ProjectConfigurationPlatforms) = postSolution
		{1FBABF1F-6D8A-4CA3-8C9F-3599157886CF}.Debug|Any CPU.ActiveCfg = Debug|Any CPU
		{1FBABF1F-6D8A-4CA3-8C9F-3599157886CF}.Debug|Any CPU.Build.0 = Debug|Any CPU
		{1FBABF1F-6D8A-4CA3-8C9F-3599157886CF}.Release|Any CPU.ActiveCfg = Release|Any CPU
		{1FBABF1F-6D8A-4CA3-8C9F-3599157886CF}.Release|Any CPU.Build.0 = Release|Any CPU
	EndGlobalSection
	GlobalSection(SolutionProperties) = preSolution
		HideSolutionNode = FALSE
	EndGlobalSection
	GlobalSection(ExtensibilityGlobals) = postSolution
		SolutionGuid = {EBF23F11-9E48-42FA-96E9-00A70FC8EE1C}
	EndGlobalSection
EndGlobal
